
Microsoft Visual Studio Solution File, Format Version 12.00
# Visual Studio Version 17
VisualStudioVersion = 17.0.31903.59
MinimumVisualStudioVersion = 10.0.40219.1
Project("{FAE04EC0-301F-11D3-BF4B-00C04F79EFBC}") = "Backend.CMS.Domain", "Backend.CMS.Domain\Backend.CMS.Domain.csproj", "{D1B45606-3FD6-42F1-9A6E-07EC0A4BE402}"
EndProject
Project("{FAE04EC0-301F-11D3-BF4B-00C04F79EFBC}") = "Backend.CMS.Application", "Backend.CMS.Application\Backend.CMS.Application.csproj", "{97879172-5CDE-47D8-97BA-EEFED6B77670}"
EndProject
Project("{FAE04EC0-301F-11D3-BF4B-00C04F79EFBC}") = "Backend.CMS.Infrastructure", "Backend.CMS.Infrastructure\Backend.CMS.Infrastructure.csproj", "{FD6375A2-13E6-4BB7-BECA-A1F7DE3EB387}"
EndProject
Project("{FAE04EC0-301F-11D3-BF4B-00C04F79EFBC}") = "Backend.CMS.API", "Backend.CMS.API\Backend.CMS.API.csproj", "{2907DADE-3F16-4A8E-94C6-5E751A66A5F3}"
EndProject
Project("{FAE04EC0-301F-11D3-BF4B-00C04F79EFBC}") = "Backend.CMS.Dashboard.API", "Backend.CMS.Dashboard.API\Backend.CMS.Dashboard.API.csproj", "{63B985CD-C145-48A7-8346-3F8A85E83C4A}"
EndProject
Project("{FAE04EC0-301F-11D3-BF4B-00C04F79EFBC}") = "Backend.CMS.Shared", "Backend.CMS.Shared\Backend.CMS.Shared.csproj", "{B3E29426-90A3-4C16-A0F8-97B8287680A4}"
EndProject
Project("{FAE04EC0-301F-11D3-BF4B-00C04F79EFBC}") = "Backend.CMS.DatabaseSeeder", "Backend.CMS.DatabaseSeeder\Backend.CMS.DatabaseSeeder.csproj", "{DC76EFF2-6583-4C14-AE06-EC4983BF9FA5}"
EndProject
Project("{FAE04EC0-301F-11D3-BF4B-00C04F79EFBC}") = "Backend.CMS.Security", "Backend.CMS.Security\Backend.CMS.Security.csproj", "{CF00EC3C-1344-4250-A171-B6C9E4C59713}"
EndProject
Project("{FAE04EC0-301F-11D3-BF4B-00C04F79EFBC}") = "Backend.CMS.Audit", "Backend.CMS.Audit\Backend.CMS.Audit.csproj", "{0CF28038-BE91-45D7-AF60-BA070993A9FF}"
EndProject
Project("{FAE04EC0-301F-11D3-BF4B-00C04F79EFBC}") = "Backend.CMS.Caching", "Backend.CMS.Caching\Backend.CMS.Caching.csproj", "{0D945D02-E6EF-463C-B749-C03EB24A14E9}"
EndProject
Project("{FAE04EC0-301F-11D3-BF4B-00C04F79EFBC}") = "Backend.CMS.BackgroundServices", "Backend.CMS.BackgroundServices\Backend.CMS.BackgroundServices.csproj", "{B2ECD8D8-1C48-4B68-8F59-02C4B38BD4A1}"
EndProject
Project("{FAE04EC0-301F-11D3-BF4B-00C04F79EFBC}") = "Backend.CMS.FileManagement", "Backend.CMS.FileManagement\Backend.CMS.FileManagement.csproj", "{95351063-D2D8-4929-A6F1-05EA649631F2}"
EndProject
Project("{FAE04EC0-301F-11D3-BF4B-00C04F79EFBC}") = "Backend.CMS.Notifications", "Backend.CMS.Notifications\Backend.CMS.Notifications.csproj", "{12122A41-16FC-4F87-9187-B9B602E3F345}"
EndProject
Project("{FAE04EC0-301F-11D3-BF4B-00C04F79EFBC}") = "Backend.CMS.Interfaces", "Backend.CMS.Interfaces\Backend.CMS.Interfaces.csproj", "{F9B4A2B1-D32B-454A-9C18-13780A118D20}"
EndProject
Global
	GlobalSection(SolutionConfigurationPlatforms) = preSolution
		Debug|Any CPU = Debug|Any CPU
		Debug|x64 = Debug|x64
		Debug|x86 = Debug|x86
		Release|Any CPU = Release|Any CPU
		Release|x64 = Release|x64
		Release|x86 = Release|x86
	EndGlobalSection
	GlobalSection(ProjectConfigurationPlatforms) = postSolution
		{D1B45606-3FD6-42F1-9A6E-07EC0A4BE402}.Debug|Any CPU.ActiveCfg = Debug|Any CPU
		{D1B45606-3FD6-42F1-9A6E-07EC0A4BE402}.Debug|Any CPU.Build.0 = Debug|Any CPU
		{D1B45606-3FD6-42F1-9A6E-07EC0A4BE402}.Debug|x64.ActiveCfg = Debug|Any CPU
		{D1B45606-3FD6-42F1-9A6E-07EC0A4BE402}.Debug|x64.Build.0 = Debug|Any CPU
		{D1B45606-3FD6-42F1-9A6E-07EC0A4BE402}.Debug|x86.ActiveCfg = Debug|Any CPU
		{D1B45606-3FD6-42F1-9A6E-07EC0A4BE402}.Debug|x86.Build.0 = Debug|Any CPU
		{D1B45606-3FD6-42F1-9A6E-07EC0A4BE402}.Release|Any CPU.ActiveCfg = Release|Any CPU
		{D1B45606-3FD6-42F1-9A6E-07EC0A4BE402}.Release|Any CPU.Build.0 = Release|Any CPU
		{D1B45606-3FD6-42F1-9A6E-07EC0A4BE402}.Release|x64.ActiveCfg = Release|Any CPU
		{D1B45606-3FD6-42F1-9A6E-07EC0A4BE402}.Release|x64.Build.0 = Release|Any CPU
		{D1B45606-3FD6-42F1-9A6E-07EC0A4BE402}.Release|x86.ActiveCfg = Release|Any CPU
		{D1B45606-3FD6-42F1-9A6E-07EC0A4BE402}.Release|x86.Build.0 = Release|Any CPU
		{97879172-5CDE-47D8-97BA-EEFED6B77670}.Debug|Any CPU.ActiveCfg = Debug|Any CPU
		{97879172-5CDE-47D8-97BA-EEFED6B77670}.Debug|Any CPU.Build.0 = Debug|Any CPU
		{97879172-5CDE-47D8-97BA-EEFED6B77670}.Debug|x64.ActiveCfg = Debug|Any CPU
		{97879172-5CDE-47D8-97BA-EEFED6B77670}.Debug|x64.Build.0 = Debug|Any CPU
		{97879172-5CDE-47D8-97BA-EEFED6B77670}.Debug|x86.ActiveCfg = Debug|Any CPU
		{97879172-5CDE-47D8-97BA-EEFED6B77670}.Debug|x86.Build.0 = Debug|Any CPU
		{97879172-5CDE-47D8-97BA-EEFED6B77670}.Release|Any CPU.ActiveCfg = Release|Any CPU
		{97879172-5CDE-47D8-97BA-EEFED6B77670}.Release|Any CPU.Build.0 = Release|Any CPU
		{97879172-5CDE-47D8-97BA-EEFED6B77670}.Release|x64.ActiveCfg = Release|Any CPU
		{97879172-5CDE-47D8-97BA-EEFED6B77670}.Release|x64.Build.0 = Release|Any CPU
		{97879172-5CDE-47D8-97BA-EEFED6B77670}.Release|x86.ActiveCfg = Release|Any CPU
		{97879172-5CDE-47D8-97BA-EEFED6B77670}.Release|x86.Build.0 = Release|Any CPU
		{FD6375A2-13E6-4BB7-BECA-A1F7DE3EB387}.Debug|Any CPU.ActiveCfg = Debug|Any CPU
		{FD6375A2-13E6-4BB7-BECA-A1F7DE3EB387}.Debug|Any CPU.Build.0 = Debug|Any CPU
		{FD6375A2-13E6-4BB7-BECA-A1F7DE3EB387}.Debug|x64.ActiveCfg = Debug|Any CPU
		{FD6375A2-13E6-4BB7-BECA-A1F7DE3EB387}.Debug|x64.Build.0 = Debug|Any CPU
		{FD6375A2-13E6-4BB7-BECA-A1F7DE3EB387}.Debug|x86.ActiveCfg = Debug|Any CPU
		{FD6375A2-13E6-4BB7-BECA-A1F7DE3EB387}.Debug|x86.Build.0 = Debug|Any CPU
		{FD6375A2-13E6-4BB7-BECA-A1F7DE3EB387}.Release|Any CPU.ActiveCfg = Release|Any CPU
		{FD6375A2-13E6-4BB7-BECA-A1F7DE3EB387}.Release|Any CPU.Build.0 = Release|Any CPU
		{FD6375A2-13E6-4BB7-BECA-A1F7DE3EB387}.Release|x64.ActiveCfg = Release|Any CPU
		{FD6375A2-13E6-4BB7-BECA-A1F7DE3EB387}.Release|x64.Build.0 = Release|Any CPU
		{FD6375A2-13E6-4BB7-BECA-A1F7DE3EB387}.Release|x86.ActiveCfg = Release|Any CPU
		{FD6375A2-13E6-4BB7-BECA-A1F7DE3EB387}.Release|x86.Build.0 = Release|Any CPU
		{2907DADE-3F16-4A8E-94C6-5E751A66A5F3}.Debug|Any CPU.ActiveCfg = Debug|Any CPU
		{2907DADE-3F16-4A8E-94C6-5E751A66A5F3}.Debug|Any CPU.Build.0 = Debug|Any CPU
		{2907DADE-3F16-4A8E-94C6-5E751A66A5F3}.Debug|x64.ActiveCfg = Debug|Any CPU
		{2907DADE-3F16-4A8E-94C6-5E751A66A5F3}.Debug|x64.Build.0 = Debug|Any CPU
		{2907DADE-3F16-4A8E-94C6-5E751A66A5F3}.Debug|x86.ActiveCfg = Debug|Any CPU
		{2907DADE-3F16-4A8E-94C6-5E751A66A5F3}.Debug|x86.Build.0 = Debug|Any CPU
		{2907DADE-3F16-4A8E-94C6-5E751A66A5F3}.Release|Any CPU.ActiveCfg = Release|Any CPU
		{2907DADE-3F16-4A8E-94C6-5E751A66A5F3}.Release|Any CPU.Build.0 = Release|Any CPU
		{2907DADE-3F16-4A8E-94C6-5E751A66A5F3}.Release|x64.ActiveCfg = Release|Any CPU
		{2907DADE-3F16-4A8E-94C6-5E751A66A5F3}.Release|x64.Build.0 = Release|Any CPU
		{2907DADE-3F16-4A8E-94C6-5E751A66A5F3}.Release|x86.ActiveCfg = Release|Any CPU
		{2907DADE-3F16-4A8E-94C6-5E751A66A5F3}.Release|x86.Build.0 = Release|Any CPU
		{63B985CD-C145-48A7-8346-3F8A85E83C4A}.Debug|Any CPU.ActiveCfg = Debug|Any CPU
		{63B985CD-C145-48A7-8346-3F8A85E83C4A}.Debug|Any CPU.Build.0 = Debug|Any CPU
		{63B985CD-C145-48A7-8346-3F8A85E83C4A}.Debug|x64.ActiveCfg = Debug|Any CPU
		{63B985CD-C145-48A7-8346-3F8A85E83C4A}.Debug|x64.Build.0 = Debug|Any CPU
		{63B985CD-C145-48A7-8346-3F8A85E83C4A}.Debug|x86.ActiveCfg = Debug|Any CPU
		{63B985CD-C145-48A7-8346-3F8A85E83C4A}.Debug|x86.Build.0 = Debug|Any CPU
		{63B985CD-C145-48A7-8346-3F8A85E83C4A}.Release|Any CPU.ActiveCfg = Release|Any CPU
		{63B985CD-C145-48A7-8346-3F8A85E83C4A}.Release|Any CPU.Build.0 = Release|Any CPU
		{63B985CD-C145-48A7-8346-3F8A85E83C4A}.Release|x64.ActiveCfg = Release|Any CPU
		{63B985CD-C145-48A7-8346-3F8A85E83C4A}.Release|x64.Build.0 = Release|Any CPU
		{63B985CD-C145-48A7-8346-3F8A85E83C4A}.Release|x86.ActiveCfg = Release|Any CPU
		{63B985CD-C145-48A7-8346-3F8A85E83C4A}.Release|x86.Build.0 = Release|Any CPU
		{B3E29426-90A3-4C16-A0F8-97B8287680A4}.Debug|Any CPU.ActiveCfg = Debug|Any CPU
		{B3E29426-90A3-4C16-A0F8-97B8287680A4}.Debug|Any CPU.Build.0 = Debug|Any CPU
		{B3E29426-90A3-4C16-A0F8-97B8287680A4}.Debug|x64.ActiveCfg = Debug|Any CPU
		{B3E29426-90A3-4C16-A0F8-97B8287680A4}.Debug|x64.Build.0 = Debug|Any CPU
		{B3E29426-90A3-4C16-A0F8-97B8287680A4}.Debug|x86.ActiveCfg = Debug|Any CPU
		{B3E29426-90A3-4C16-A0F8-97B8287680A4}.Debug|x86.Build.0 = Debug|Any CPU
		{B3E29426-90A3-4C16-A0F8-97B8287680A4}.Release|Any CPU.ActiveCfg = Release|Any CPU
		{B3E29426-90A3-4C16-A0F8-97B8287680A4}.Release|Any CPU.Build.0 = Release|Any CPU
		{B3E29426-90A3-4C16-A0F8-97B8287680A4}.Release|x64.ActiveCfg = Release|Any CPU
		{B3E29426-90A3-4C16-A0F8-97B8287680A4}.Release|x64.Build.0 = Release|Any CPU
		{B3E29426-90A3-4C16-A0F8-97B8287680A4}.Release|x86.ActiveCfg = Release|Any CPU
		{B3E29426-90A3-4C16-A0F8-97B8287680A4}.Release|x86.Build.0 = Release|Any CPU
		{DC76EFF2-6583-4C14-AE06-EC4983BF9FA5}.Debug|Any CPU.ActiveCfg = Debug|Any CPU
		{DC76EFF2-6583-4C14-AE06-EC4983BF9FA5}.Debug|Any CPU.Build.0 = Debug|Any CPU
		{DC76EFF2-6583-4C14-AE06-EC4983BF9FA5}.Debug|x64.ActiveCfg = Debug|Any CPU
		{DC76EFF2-6583-4C14-AE06-EC4983BF9FA5}.Debug|x64.Build.0 = Debug|Any CPU
		{DC76EFF2-6583-4C14-AE06-EC4983BF9FA5}.Debug|x86.ActiveCfg = Debug|Any CPU
		{DC76EFF2-6583-4C14-AE06-EC4983BF9FA5}.Debug|x86.Build.0 = Debug|Any CPU
		{DC76EFF2-6583-4C14-AE06-EC4983BF9FA5}.Release|Any CPU.ActiveCfg = Release|Any CPU
		{DC76EFF2-6583-4C14-AE06-EC4983BF9FA5}.Release|Any CPU.Build.0 = Release|Any CPU
		{DC76EFF2-6583-4C14-AE06-EC4983BF9FA5}.Release|x64.ActiveCfg = Release|Any CPU
		{DC76EFF2-6583-4C14-AE06-EC4983BF9FA5}.Release|x64.Build.0 = Release|Any CPU
		{DC76EFF2-6583-4C14-AE06-EC4983BF9FA5}.Release|x86.ActiveCfg = Release|Any CPU
		{DC76EFF2-6583-4C14-AE06-EC4983BF9FA5}.Release|x86.Build.0 = Release|Any CPU
		{CF00EC3C-1344-4250-A171-B6C9E4C59713}.Debug|Any CPU.ActiveCfg = Debug|Any CPU
		{CF00EC3C-1344-4250-A171-B6C9E4C59713}.Debug|Any CPU.Build.0 = Debug|Any CPU
		{CF00EC3C-1344-4250-A171-B6C9E4C59713}.Debug|x64.ActiveCfg = Debug|Any CPU
		{CF00EC3C-1344-4250-A171-B6C9E4C59713}.Debug|x64.Build.0 = Debug|Any CPU
		{CF00EC3C-1344-4250-A171-B6C9E4C59713}.Debug|x86.ActiveCfg = Debug|Any CPU
		{CF00EC3C-1344-4250-A171-B6C9E4C59713}.Debug|x86.Build.0 = Debug|Any CPU
		{CF00EC3C-1344-4250-A171-B6C9E4C59713}.Release|Any CPU.ActiveCfg = Release|Any CPU
		{CF00EC3C-1344-4250-A171-B6C9E4C59713}.Release|Any CPU.Build.0 = Release|Any CPU
		{CF00EC3C-1344-4250-A171-B6C9E4C59713}.Release|x64.ActiveCfg = Release|Any CPU
		{CF00EC3C-1344-4250-A171-B6C9E4C59713}.Release|x64.Build.0 = Release|Any CPU
		{CF00EC3C-1344-4250-A171-B6C9E4C59713}.Release|x86.ActiveCfg = Release|Any CPU
		{CF00EC3C-1344-4250-A171-B6C9E4C59713}.Release|x86.Build.0 = Release|Any CPU
		{0CF28038-BE91-45D7-AF60-BA070993A9FF}.Debug|Any CPU.ActiveCfg = Debug|Any CPU
		{0CF28038-BE91-45D7-AF60-BA070993A9FF}.Debug|Any CPU.Build.0 = Debug|Any CPU
		{0CF28038-BE91-45D7-AF60-BA070993A9FF}.Debug|x64.ActiveCfg = Debug|Any CPU
		{0CF28038-BE91-45D7-AF60-BA070993A9FF}.Debug|x64.Build.0 = Debug|Any CPU
		{0CF28038-BE91-45D7-AF60-BA070993A9FF}.Debug|x86.ActiveCfg = Debug|Any CPU
		{0CF28038-BE91-45D7-AF60-BA070993A9FF}.Debug|x86.Build.0 = Debug|Any CPU
		{0CF28038-BE91-45D7-AF60-BA070993A9FF}.Release|Any CPU.ActiveCfg = Release|Any CPU
		{0CF28038-BE91-45D7-AF60-BA070993A9FF}.Release|Any CPU.Build.0 = Release|Any CPU
		{0CF28038-BE91-45D7-AF60-BA070993A9FF}.Release|x64.ActiveCfg = Release|Any CPU
		{0CF28038-BE91-45D7-AF60-BA070993A9FF}.Release|x64.Build.0 = Release|Any CPU
		{0CF28038-BE91-45D7-AF60-BA070993A9FF}.Release|x86.ActiveCfg = Release|Any CPU
		{0CF28038-BE91-45D7-AF60-BA070993A9FF}.Release|x86.Build.0 = Release|Any CPU
		{0D945D02-E6EF-463C-B749-C03EB24A14E9}.Debug|Any CPU.ActiveCfg = Debug|Any CPU
		{0D945D02-E6EF-463C-B749-C03EB24A14E9}.Debug|Any CPU.Build.0 = Debug|Any CPU
		{0D945D02-E6EF-463C-B749-C03EB24A14E9}.Debug|x64.ActiveCfg = Debug|Any CPU
		{0D945D02-E6EF-463C-B749-C03EB24A14E9}.Debug|x64.Build.0 = Debug|Any CPU
		{0D945D02-E6EF-463C-B749-C03EB24A14E9}.Debug|x86.ActiveCfg = Debug|Any CPU
		{0D945D02-E6EF-463C-B749-C03EB24A14E9}.Debug|x86.Build.0 = Debug|Any CPU
		{0D945D02-E6EF-463C-B749-C03EB24A14E9}.Release|Any CPU.ActiveCfg = Release|Any CPU
		{0D945D02-E6EF-463C-B749-C03EB24A14E9}.Release|Any CPU.Build.0 = Release|Any CPU
		{0D945D02-E6EF-463C-B749-C03EB24A14E9}.Release|x64.ActiveCfg = Release|Any CPU
		{0D945D02-E6EF-463C-B749-C03EB24A14E9}.Release|x64.Build.0 = Release|Any CPU
		{0D945D02-E6EF-463C-B749-C03EB24A14E9}.Release|x86.ActiveCfg = Release|Any CPU
		{0D945D02-E6EF-463C-B749-C03EB24A14E9}.Release|x86.Build.0 = Release|Any CPU
		{B2ECD8D8-1C48-4B68-8F59-02C4B38BD4A1}.Debug|Any CPU.ActiveCfg = Debug|Any CPU
		{B2ECD8D8-1C48-4B68-8F59-02C4B38BD4A1}.Debug|Any CPU.Build.0 = Debug|Any CPU
		{B2ECD8D8-1C48-4B68-8F59-02C4B38BD4A1}.Debug|x64.ActiveCfg = Debug|Any CPU
		{B2ECD8D8-1C48-4B68-8F59-02C4B38BD4A1}.Debug|x64.Build.0 = Debug|Any CPU
		{B2ECD8D8-1C48-4B68-8F59-02C4B38BD4A1}.Debug|x86.ActiveCfg = Debug|Any CPU
		{B2ECD8D8-1C48-4B68-8F59-02C4B38BD4A1}.Debug|x86.Build.0 = Debug|Any CPU
		{B2ECD8D8-1C48-4B68-8F59-02C4B38BD4A1}.Release|Any CPU.ActiveCfg = Release|Any CPU
		{B2ECD8D8-1C48-4B68-8F59-02C4B38BD4A1}.Release|Any CPU.Build.0 = Release|Any CPU
		{B2ECD8D8-1C48-4B68-8F59-02C4B38BD4A1}.Release|x64.ActiveCfg = Release|Any CPU
		{B2ECD8D8-1C48-4B68-8F59-02C4B38BD4A1}.Release|x64.Build.0 = Release|Any CPU
		{B2ECD8D8-1C48-4B68-8F59-02C4B38BD4A1}.Release|x86.ActiveCfg = Release|Any CPU
		{B2ECD8D8-1C48-4B68-8F59-02C4B38BD4A1}.Release|x86.Build.0 = Release|Any CPU
		{95351063-D2D8-4929-A6F1-05EA649631F2}.Debug|Any CPU.ActiveCfg = Debug|Any CPU
		{95351063-D2D8-4929-A6F1-05EA649631F2}.Debug|Any CPU.Build.0 = Debug|Any CPU
		{95351063-D2D8-4929-A6F1-05EA649631F2}.Debug|x64.ActiveCfg = Debug|Any CPU
		{95351063-D2D8-4929-A6F1-05EA649631F2}.Debug|x64.Build.0 = Debug|Any CPU
		{95351063-D2D8-4929-A6F1-05EA649631F2}.Debug|x86.ActiveCfg = Debug|Any CPU
		{95351063-D2D8-4929-A6F1-05EA649631F2}.Debug|x86.Build.0 = Debug|Any CPU
		{95351063-D2D8-4929-A6F1-05EA649631F2}.Release|Any CPU.ActiveCfg = Release|Any CPU
		{95351063-D2D8-4929-A6F1-05EA649631F2}.Release|Any CPU.Build.0 = Release|Any CPU
		{95351063-D2D8-4929-A6F1-05EA649631F2}.Release|x64.ActiveCfg = Release|Any CPU
		{95351063-D2D8-4929-A6F1-05EA649631F2}.Release|x64.Build.0 = Release|Any CPU
		{95351063-D2D8-4929-A6F1-05EA649631F2}.Release|x86.ActiveCfg = Release|Any CPU
		{95351063-D2D8-4929-A6F1-05EA649631F2}.Release|x86.Build.0 = Release|Any CPU
		{12122A41-16FC-4F87-9187-B9B602E3F345}.Debug|Any CPU.ActiveCfg = Debug|Any CPU
		{12122A41-16FC-4F87-9187-B9B602E3F345}.Debug|Any CPU.Build.0 = Debug|Any CPU
		{12122A41-16FC-4F87-9187-B9B602E3F345}.Debug|x64.ActiveCfg = Debug|Any CPU
		{12122A41-16FC-4F87-9187-B9B602E3F345}.Debug|x64.Build.0 = Debug|Any CPU
		{12122A41-16FC-4F87-9187-B9B602E3F345}.Debug|x86.ActiveCfg = Debug|Any CPU
		{12122A41-16FC-4F87-9187-B9B602E3F345}.Debug|x86.Build.0 = Debug|Any CPU
		{12122A41-16FC-4F87-9187-B9B602E3F345}.Release|Any CPU.ActiveCfg = Release|Any CPU
		{12122A41-16FC-4F87-9187-B9B602E3F345}.Release|Any CPU.Build.0 = Release|Any CPU
		{12122A41-16FC-4F87-9187-B9B602E3F345}.Release|x64.ActiveCfg = Release|Any CPU
		{12122A41-16FC-4F87-9187-B9B602E3F345}.Release|x64.Build.0 = Release|Any CPU
		{12122A41-16FC-4F87-9187-B9B602E3F345}.Release|x86.ActiveCfg = Release|Any CPU
		{12122A41-16FC-4F87-9187-B9B602E3F345}.Release|x86.Build.0 = Release|Any CPU
		{F9B4A2B1-D32B-454A-9C18-13780A118D20}.Debug|Any CPU.ActiveCfg = Debug|Any CPU
		{F9B4A2B1-D32B-454A-9C18-13780A118D20}.Debug|Any CPU.Build.0 = Debug|Any CPU
		{F9B4A2B1-D32B-454A-9C18-13780A118D20}.Debug|x64.ActiveCfg = Debug|Any CPU
		{F9B4A2B1-D32B-454A-9C18-13780A118D20}.Debug|x64.Build.0 = Debug|Any CPU
		{F9B4A2B1-D32B-454A-9C18-13780A118D20}.Debug|x86.ActiveCfg = Debug|Any CPU
		{F9B4A2B1-D32B-454A-9C18-13780A118D20}.Debug|x86.Build.0 = Debug|Any CPU
		{F9B4A2B1-D32B-454A-9C18-13780A118D20}.Release|Any CPU.ActiveCfg = Release|Any CPU
		{F9B4A2B1-D32B-454A-9C18-13780A118D20}.Release|Any CPU.Build.0 = Release|Any CPU
		{F9B4A2B1-D32B-454A-9C18-13780A118D20}.Release|x64.ActiveCfg = Release|Any CPU
		{F9B4A2B1-D32B-454A-9C18-13780A118D20}.Release|x64.Build.0 = Release|Any CPU
		{F9B4A2B1-D32B-454A-9C18-13780A118D20}.Release|x86.ActiveCfg = Release|Any CPU
		{F9B4A2B1-D32B-454A-9C18-13780A118D20}.Release|x86.Build.0 = Release|Any CPU
	EndGlobalSection
	GlobalSection(SolutionProperties) = preSolution
		HideSolutionNode = FALSE
	EndGlobalSection
	GlobalSection(ExtensibilityGlobals) = postSolution
		SolutionGuid = {EA2EC023-3976-49A7-AD46-7CFBC2A949CA}
	EndGlobalSection
EndGlobal
