
Microsoft Visual Studio Solution File, Format Version 12.00
# Visual Studio Version 17
VisualStudioVersion = 17.0.31903.59
MinimumVisualStudioVersion = 10.0.40219.1
Project("{2150E333-8FDC-42A3-9474-1A3956D46DE8}") = "src", "src", "{827E0CD3-B72D-47B6-A68D-7590B98EB39B}"
EndProject
Project("{FAE04EC0-301F-11D3-BF4B-00C04F79EFBC}") = "Backend.CMS.Domain", "src\Backend.CMS.Domain\Backend.CMS.Domain.csproj", "{D1B45606-3FD6-42F1-9A6E-07EC0A4BE402}"
EndProject
Project("{FAE04EC0-301F-11D3-BF4B-00C04F79EFBC}") = "Backend.CMS.Application", "src\Backend.CMS.Application\Backend.CMS.Application.csproj", "{97879172-5CDE-47D8-97BA-EEFED6B77670}"
EndProject
Project("{FAE04EC0-301F-11D3-BF4B-00C04F79EFBC}") = "Backend.CMS.Infrastructure", "src\Backend.CMS.Infrastructure\Backend.CMS.Infrastructure.csproj", "{FD6375A2-13E6-4BB7-BECA-A1F7DE3EB387}"
EndProject
Project("{FAE04EC0-301F-11D3-BF4B-00C04F79EFBC}") = "Backend.CMS.API", "src\Backend.CMS.API\Backend.CMS.API.csproj", "{2907DADE-3F16-4A8E-94C6-5E751A66A5F3}"
EndProject
Project("{FAE04EC0-301F-11D3-BF4B-00C04F79EFBC}") = "Backend.CMS.Dashboard.API", "src\Backend.CMS.Dashboard.API\Backend.CMS.Dashboard.API.csproj", "{63B985CD-C145-48A7-8346-3F8A85E83C4A}"
EndProject
Project("{FAE04EC0-301F-11D3-BF4B-00C04F79EFBC}") = "Backend.CMS.Shared", "src\Backend.CMS.Shared\Backend.CMS.Shared.csproj", "{B3E29426-90A3-4C16-A0F8-97B8287680A4}"
EndProject
Global
	GlobalSection(SolutionConfigurationPlatforms) = preSolution
		Debug|Any CPU = Debug|Any CPU
		Debug|x64 = Debug|x64
		Debug|x86 = Debug|x86
		Release|Any CPU = Release|Any CPU
		Release|x64 = Release|x64
		Release|x86 = Release|x86
	EndGlobalSection
	GlobalSection(ProjectConfigurationPlatforms) = postSolution
		{D1B45606-3FD6-42F1-9A6E-07EC0A4BE402}.Debug|Any CPU.ActiveCfg = Debug|Any CPU
		{D1B45606-3FD6-42F1-9A6E-07EC0A4BE402}.Debug|Any CPU.Build.0 = Debug|Any CPU
		{D1B45606-3FD6-42F1-9A6E-07EC0A4BE402}.Debug|x64.ActiveCfg = Debug|Any CPU
		{D1B45606-3FD6-42F1-9A6E-07EC0A4BE402}.Debug|x64.Build.0 = Debug|Any CPU
		{D1B45606-3FD6-42F1-9A6E-07EC0A4BE402}.Debug|x86.ActiveCfg = Debug|Any CPU
		{D1B45606-3FD6-42F1-9A6E-07EC0A4BE402}.Debug|x86.Build.0 = Debug|Any CPU
		{D1B45606-3FD6-42F1-9A6E-07EC0A4BE402}.Release|Any CPU.ActiveCfg = Release|Any CPU
		{D1B45606-3FD6-42F1-9A6E-07EC0A4BE402}.Release|Any CPU.Build.0 = Release|Any CPU
		{D1B45606-3FD6-42F1-9A6E-07EC0A4BE402}.Release|x64.ActiveCfg = Release|Any CPU
		{D1B45606-3FD6-42F1-9A6E-07EC0A4BE402}.Release|x64.Build.0 = Release|Any CPU
		{D1B45606-3FD6-42F1-9A6E-07EC0A4BE402}.Release|x86.ActiveCfg = Release|Any CPU
		{D1B45606-3FD6-42F1-9A6E-07EC0A4BE402}.Release|x86.Build.0 = Release|Any CPU
		{97879172-5CDE-47D8-97BA-EEFED6B77670}.Debug|Any CPU.ActiveCfg = Debug|Any CPU
		{97879172-5CDE-47D8-97BA-EEFED6B77670}.Debug|Any CPU.Build.0 = Debug|Any CPU
		{97879172-5CDE-47D8-97BA-EEFED6B77670}.Debug|x64.ActiveCfg = Debug|Any CPU
		{97879172-5CDE-47D8-97BA-EEFED6B77670}.Debug|x64.Build.0 = Debug|Any CPU
		{97879172-5CDE-47D8-97BA-EEFED6B77670}.Debug|x86.ActiveCfg = Debug|Any CPU
		{97879172-5CDE-47D8-97BA-EEFED6B77670}.Debug|x86.Build.0 = Debug|Any CPU
		{97879172-5CDE-47D8-97BA-EEFED6B77670}.Release|Any CPU.ActiveCfg = Release|Any CPU
		{97879172-5CDE-47D8-97BA-EEFED6B77670}.Release|Any CPU.Build.0 = Release|Any CPU
		{97879172-5CDE-47D8-97BA-EEFED6B77670}.Release|x64.ActiveCfg = Release|Any CPU
		{97879172-5CDE-47D8-97BA-EEFED6B77670}.Release|x64.Build.0 = Release|Any CPU
		{97879172-5CDE-47D8-97BA-EEFED6B77670}.Release|x86.ActiveCfg = Release|Any CPU
		{97879172-5CDE-47D8-97BA-EEFED6B77670}.Release|x86.Build.0 = Release|Any CPU
		{FD6375A2-13E6-4BB7-BECA-A1F7DE3EB387}.Debug|Any CPU.ActiveCfg = Debug|Any CPU
		{FD6375A2-13E6-4BB7-BECA-A1F7DE3EB387}.Debug|Any CPU.Build.0 = Debug|Any CPU
		{FD6375A2-13E6-4BB7-BECA-A1F7DE3EB387}.Debug|x64.ActiveCfg = Debug|Any CPU
		{FD6375A2-13E6-4BB7-BECA-A1F7DE3EB387}.Debug|x64.Build.0 = Debug|Any CPU
		{FD6375A2-13E6-4BB7-BECA-A1F7DE3EB387}.Debug|x86.ActiveCfg = Debug|Any CPU
		{FD6375A2-13E6-4BB7-BECA-A1F7DE3EB387}.Debug|x86.Build.0 = Debug|Any CPU
		{FD6375A2-13E6-4BB7-BECA-A1F7DE3EB387}.Release|Any CPU.ActiveCfg = Release|Any CPU
		{FD6375A2-13E6-4BB7-BECA-A1F7DE3EB387}.Release|Any CPU.Build.0 = Release|Any CPU
		{FD6375A2-13E6-4BB7-BECA-A1F7DE3EB387}.Release|x64.ActiveCfg = Release|Any CPU
		{FD6375A2-13E6-4BB7-BECA-A1F7DE3EB387}.Release|x64.Build.0 = Release|Any CPU
		{FD6375A2-13E6-4BB7-BECA-A1F7DE3EB387}.Release|x86.ActiveCfg = Release|Any CPU
		{FD6375A2-13E6-4BB7-BECA-A1F7DE3EB387}.Release|x86.Build.0 = Release|Any CPU
		{2907DADE-3F16-4A8E-94C6-5E751A66A5F3}.Debug|Any CPU.ActiveCfg = Debug|Any CPU
		{2907DADE-3F16-4A8E-94C6-5E751A66A5F3}.Debug|Any CPU.Build.0 = Debug|Any CPU
		{2907DADE-3F16-4A8E-94C6-5E751A66A5F3}.Debug|x64.ActiveCfg = Debug|Any CPU
		{2907DADE-3F16-4A8E-94C6-5E751A66A5F3}.Debug|x64.Build.0 = Debug|Any CPU
		{2907DADE-3F16-4A8E-94C6-5E751A66A5F3}.Debug|x86.ActiveCfg = Debug|Any CPU
		{2907DADE-3F16-4A8E-94C6-5E751A66A5F3}.Debug|x86.Build.0 = Debug|Any CPU
		{2907DADE-3F16-4A8E-94C6-5E751A66A5F3}.Release|Any CPU.ActiveCfg = Release|Any CPU
		{2907DADE-3F16-4A8E-94C6-5E751A66A5F3}.Release|Any CPU.Build.0 = Release|Any CPU
		{2907DADE-3F16-4A8E-94C6-5E751A66A5F3}.Release|x64.ActiveCfg = Release|Any CPU
		{2907DADE-3F16-4A8E-94C6-5E751A66A5F3}.Release|x64.Build.0 = Release|Any CPU
		{2907DADE-3F16-4A8E-94C6-5E751A66A5F3}.Release|x86.ActiveCfg = Release|Any CPU
		{2907DADE-3F16-4A8E-94C6-5E751A66A5F3}.Release|x86.Build.0 = Release|Any CPU
		{63B985CD-C145-48A7-8346-3F8A85E83C4A}.Debug|Any CPU.ActiveCfg = Debug|Any CPU
		{63B985CD-C145-48A7-8346-3F8A85E83C4A}.Debug|Any CPU.Build.0 = Debug|Any CPU
		{63B985CD-C145-48A7-8346-3F8A85E83C4A}.Debug|x64.ActiveCfg = Debug|Any CPU
		{63B985CD-C145-48A7-8346-3F8A85E83C4A}.Debug|x64.Build.0 = Debug|Any CPU
		{63B985CD-C145-48A7-8346-3F8A85E83C4A}.Debug|x86.ActiveCfg = Debug|Any CPU
		{63B985CD-C145-48A7-8346-3F8A85E83C4A}.Debug|x86.Build.0 = Debug|Any CPU
		{63B985CD-C145-48A7-8346-3F8A85E83C4A}.Release|Any CPU.ActiveCfg = Release|Any CPU
		{63B985CD-C145-48A7-8346-3F8A85E83C4A}.Release|Any CPU.Build.0 = Release|Any CPU
		{63B985CD-C145-48A7-8346-3F8A85E83C4A}.Release|x64.ActiveCfg = Release|Any CPU
		{63B985CD-C145-48A7-8346-3F8A85E83C4A}.Release|x64.Build.0 = Release|Any CPU
		{63B985CD-C145-48A7-8346-3F8A85E83C4A}.Release|x86.ActiveCfg = Release|Any CPU
		{63B985CD-C145-48A7-8346-3F8A85E83C4A}.Release|x86.Build.0 = Release|Any CPU
		{B3E29426-90A3-4C16-A0F8-97B8287680A4}.Debug|Any CPU.ActiveCfg = Debug|Any CPU
		{B3E29426-90A3-4C16-A0F8-97B8287680A4}.Debug|Any CPU.Build.0 = Debug|Any CPU
		{B3E29426-90A3-4C16-A0F8-97B8287680A4}.Debug|x64.ActiveCfg = Debug|Any CPU
		{B3E29426-90A3-4C16-A0F8-97B8287680A4}.Debug|x64.Build.0 = Debug|Any CPU
		{B3E29426-90A3-4C16-A0F8-97B8287680A4}.Debug|x86.ActiveCfg = Debug|Any CPU
		{B3E29426-90A3-4C16-A0F8-97B8287680A4}.Debug|x86.Build.0 = Debug|Any CPU
		{B3E29426-90A3-4C16-A0F8-97B8287680A4}.Release|Any CPU.ActiveCfg = Release|Any CPU
		{B3E29426-90A3-4C16-A0F8-97B8287680A4}.Release|Any CPU.Build.0 = Release|Any CPU
		{B3E29426-90A3-4C16-A0F8-97B8287680A4}.Release|x64.ActiveCfg = Release|Any CPU
		{B3E29426-90A3-4C16-A0F8-97B8287680A4}.Release|x64.Build.0 = Release|Any CPU
		{B3E29426-90A3-4C16-A0F8-97B8287680A4}.Release|x86.ActiveCfg = Release|Any CPU
		{B3E29426-90A3-4C16-A0F8-97B8287680A4}.Release|x86.Build.0 = Release|Any CPU
	EndGlobalSection
	GlobalSection(SolutionProperties) = preSolution
		HideSolutionNode = FALSE
	EndGlobalSection
	GlobalSection(NestedProjects) = preSolution
		{D1B45606-3FD6-42F1-9A6E-07EC0A4BE402} = {827E0CD3-B72D-47B6-A68D-7590B98EB39B}
		{97879172-5CDE-47D8-97BA-EEFED6B77670} = {827E0CD3-B72D-47B6-A68D-7590B98EB39B}
		{FD6375A2-13E6-4BB7-BECA-A1F7DE3EB387} = {827E0CD3-B72D-47B6-A68D-7590B98EB39B}
		{2907DADE-3F16-4A8E-94C6-5E751A66A5F3} = {827E0CD3-B72D-47B6-A68D-7590B98EB39B}
		{63B985CD-C145-48A7-8346-3F8A85E83C4A} = {827E0CD3-B72D-47B6-A68D-7590B98EB39B}
		{B3E29426-90A3-4C16-A0F8-97B8287680A4} = {827E0CD3-B72D-47B6-A68D-7590B98EB39B}
	EndGlobalSection
EndGlobal
